
Microsoft Visual Studio Solution File, Format Version 12.00
# Visual Studio Version 17
VisualStudioVersion = 17.5.33414.496
MinimumVisualStudioVersion = 10.0.40219.1
Project("{FAE04EC0-301F-11D3-BF4B-00C04F79EFBC}") = "Homework_10", "Homework_10\Homework_10.csproj", "{1749E01C-F838-4D52-8E74-E2B483AC631D}"
EndProject
Global
	GlobalSection(SolutionConfigurationPlatforms) = preSolution
		Debug|Any CPU = Debug|Any CPU
		Release|Any CPU = Release|Any CPU
	EndGlobalSection
	GlobalSection(ProjectConfigurationPlatforms) = postSolution
		{1749E01C-F838-4D52-8E74-E2B483AC631D}.Debug|Any CPU.ActiveCfg = Debug|Any CPU
		{1749E01C-F838-4D52-8E74-E2B483AC631D}.Debug|Any CPU.Build.0 = Debug|Any CPU
		{1749E01C-F838-4D52-8E74-E2B483AC631D}.Release|Any CPU.ActiveCfg = Release|Any CPU
		{1749E01C-F838-4D52-8E74-E2B483AC631D}.Release|Any CPU.Build.0 = Release|Any CPU
	EndGlobalSection
	GlobalSection(SolutionProperties) = preSolution
		HideSolutionNode = FALSE
	EndGlobalSection
	GlobalSection(ExtensibilityGlobals) = postSolution
		SolutionGuid = {AAD7D8A7-F903-4CD4-896B-4D5153E12668}
	EndGlobalSection
EndGlobal
